
Microsoft Visual Studio Solution File, Format Version 12.00
# Visual Studio 2012
Project("{FAE04EC0-301F-11D3-BF4B-00C04F79EFBC}") = "MDR2PDF", "ProjectFiles\MDR2PDF.csproj", "{6BFBA866-8797-494F-B07B-5C2DCB054E90}"
EndProject
Global
	GlobalSection(TeamFoundationVersionControl) = preSolution
		SccNumberOfProjects = 2
		SccEnterpriseProvider = {4CA58AB2-18FA-4F8D-95D4-32DDF27D184C}
		SccTeamFoundationServer = http://37.153.205.70:8080/tfs/softwarezeebregts
		SccLocalPath0 = .
		SccProjectUniqueName1 = ProjectFiles\\MDR2PDF.csproj
		SccProjectName1 = ProjectFiles
		SccLocalPath1 = ProjectFiles
	EndGlobalSection
	GlobalSection(SolutionConfigurationPlatforms) = preSolution
		Beta|Any CPU = Beta|Any CPU
		Debug|Any CPU = Debug|Any CPU
		Dev|Any CPU = Dev|Any CPU
		Release|Any CPU = Release|Any CPU
		Test|Any CPU = Test|Any CPU
	EndGlobalSection
	GlobalSection(ProjectConfigurationPlatforms) = postSolution
		{6BFBA866-8797-494F-B07B-5C2DCB054E90}.Beta|Any CPU.ActiveCfg = Beta|Any CPU
		{6BFBA866-8797-494F-B07B-5C2DCB054E90}.Beta|Any CPU.Build.0 = Beta|Any CPU
		{6BFBA866-8797-494F-B07B-5C2DCB054E90}.Debug|Any CPU.ActiveCfg = Debug|Any CPU
		{6BFBA866-8797-494F-B07B-5C2DCB054E90}.Debug|Any CPU.Build.0 = Debug|Any CPU
		{6BFBA866-8797-494F-B07B-5C2DCB054E90}.Dev|Any CPU.ActiveCfg = Dev|Any CPU
		{6BFBA866-8797-494F-B07B-5C2DCB054E90}.Dev|Any CPU.Build.0 = Dev|Any CPU
		{6BFBA866-8797-494F-B07B-5C2DCB054E90}.Release|Any CPU.ActiveCfg = Release|Any CPU
		{6BFBA866-8797-494F-B07B-5C2DCB054E90}.Release|Any CPU.Build.0 = Release|Any CPU
		{6BFBA866-8797-494F-B07B-5C2DCB054E90}.Test|Any CPU.ActiveCfg = Test|Any CPU
		{6BFBA866-8797-494F-B07B-5C2DCB054E90}.Test|Any CPU.Build.0 = Test|Any CPU
	EndGlobalSection
	GlobalSection(SolutionProperties) = preSolution
		HideSolutionNode = FALSE
	EndGlobalSection
EndGlobal
