
Microsoft Visual Studio Solution File, Format Version 12.00
# Visual Studio 14
VisualStudioVersion = 14.0.24720.0
MinimumVisualStudioVersion = 10.0.40219.1
Project("{FAE04EC0-301F-11D3-BF4B-00C04F79EFBC}") = "MandagenRegistratie", "MandagenRegistratie\MandagenRegistratie.csproj", "{FAABE3B7-9EE1-44DE-9B23-B97EAD3C3BE7}"
EndProject
Project("{FAE04EC0-301F-11D3-BF4B-00C04F79EFBC}") = "MandagenRegistratieDomain", "MandagenRegistratieDomain\MandagenRegistratieDomain.csproj", "{D4D40816-3D2B-4572-B37F-87887715C88C}"
EndProject
Project("{FAE04EC0-301F-11D3-BF4B-00C04F79EFBC}") = "MandagenRegistratieLogic", "MandagenRegistratieLogic\MandagenRegistratieLogic.csproj", "{9BFE830F-B27D-495D-9420-A38E177C47A8}"
EndProject
Project("{FAE04EC0-301F-11D3-BF4B-00C04F79EFBC}") = "ZeebregtsLogic", "..\ZeebregtsSysteem\ZeebregtsLogic\ZeebregtsLogic.csproj", "{D30A6EB1-D3CF-417C-878E-33DBF5029E53}"
EndProject
Global
	GlobalSection(SolutionConfigurationPlatforms) = preSolution
		Debug|Any CPU = Debug|Any CPU
		Debug|Mixed Platforms = Debug|Mixed Platforms
		Debug|x86 = Debug|x86
		OfficeServer|Any CPU = OfficeServer|Any CPU
		Office-Server|Any CPU = Office-Server|Any CPU
		OfficeServer|Mixed Platforms = OfficeServer|Mixed Platforms
		Office-Server|Mixed Platforms = Office-Server|Mixed Platforms
		OfficeServer|x86 = OfficeServer|x86
		Office-Server|x86 = Office-Server|x86
		Release|Any CPU = Release|Any CPU
		Release|Mixed Platforms = Release|Mixed Platforms
		Release|x86 = Release|x86
		RemoteLocal|Any CPU = RemoteLocal|Any CPU
		RemoteLocal|Mixed Platforms = RemoteLocal|Mixed Platforms
		RemoteLocal|x86 = RemoteLocal|x86
		RemoteLocalBeta|Any CPU = RemoteLocalBeta|Any CPU
		RemoteLocalBeta|Mixed Platforms = RemoteLocalBeta|Mixed Platforms
		RemoteLocalBeta|x86 = RemoteLocalBeta|x86
		RemoteLocalDev|Any CPU = RemoteLocalDev|Any CPU
		RemoteLocalDev|Mixed Platforms = RemoteLocalDev|Mixed Platforms
		RemoteLocalDev|x86 = RemoteLocalDev|x86
	EndGlobalSection
	GlobalSection(ProjectConfigurationPlatforms) = postSolution
		{FAABE3B7-9EE1-44DE-9B23-B97EAD3C3BE7}.Debug|Any CPU.ActiveCfg = Debug|Any CPU
		{FAABE3B7-9EE1-44DE-9B23-B97EAD3C3BE7}.Debug|Any CPU.Build.0 = Debug|Any CPU
		{FAABE3B7-9EE1-44DE-9B23-B97EAD3C3BE7}.Debug|Mixed Platforms.ActiveCfg = Debug|Any CPU
		{FAABE3B7-9EE1-44DE-9B23-B97EAD3C3BE7}.Debug|Mixed Platforms.Build.0 = Debug|Any CPU
		{FAABE3B7-9EE1-44DE-9B23-B97EAD3C3BE7}.Debug|x86.ActiveCfg = Debug|Any CPU
		{FAABE3B7-9EE1-44DE-9B23-B97EAD3C3BE7}.OfficeServer|Any CPU.ActiveCfg = OfficeServer|Any CPU
		{FAABE3B7-9EE1-44DE-9B23-B97EAD3C3BE7}.OfficeServer|Any CPU.Build.0 = OfficeServer|Any CPU
		{FAABE3B7-9EE1-44DE-9B23-B97EAD3C3BE7}.Office-Server|Any CPU.ActiveCfg = Office-Server|Any CPU
		{FAABE3B7-9EE1-44DE-9B23-B97EAD3C3BE7}.Office-Server|Any CPU.Build.0 = Office-Server|Any CPU
		{FAABE3B7-9EE1-44DE-9B23-B97EAD3C3BE7}.OfficeServer|Mixed Platforms.ActiveCfg = OfficeServer|Any CPU
		{FAABE3B7-9EE1-44DE-9B23-B97EAD3C3BE7}.OfficeServer|Mixed Platforms.Build.0 = OfficeServer|Any CPU
		{FAABE3B7-9EE1-44DE-9B23-B97EAD3C3BE7}.Office-Server|Mixed Platforms.ActiveCfg = Office-Server|Any CPU
		{FAABE3B7-9EE1-44DE-9B23-B97EAD3C3BE7}.Office-Server|Mixed Platforms.Build.0 = Office-Server|Any CPU
		{FAABE3B7-9EE1-44DE-9B23-B97EAD3C3BE7}.OfficeServer|x86.ActiveCfg = OfficeServer|Any CPU
		{FAABE3B7-9EE1-44DE-9B23-B97EAD3C3BE7}.OfficeServer|x86.Build.0 = OfficeServer|Any CPU
		{FAABE3B7-9EE1-44DE-9B23-B97EAD3C3BE7}.Office-Server|x86.ActiveCfg = Office-Server|Any CPU
		{FAABE3B7-9EE1-44DE-9B23-B97EAD3C3BE7}.Office-Server|x86.Build.0 = Office-Server|Any CPU
		{FAABE3B7-9EE1-44DE-9B23-B97EAD3C3BE7}.Release|Any CPU.ActiveCfg = Release|Any CPU
		{FAABE3B7-9EE1-44DE-9B23-B97EAD3C3BE7}.Release|Any CPU.Build.0 = Release|Any CPU
		{FAABE3B7-9EE1-44DE-9B23-B97EAD3C3BE7}.Release|Mixed Platforms.ActiveCfg = Release|Any CPU
		{FAABE3B7-9EE1-44DE-9B23-B97EAD3C3BE7}.Release|Mixed Platforms.Build.0 = Release|Any CPU
		{FAABE3B7-9EE1-44DE-9B23-B97EAD3C3BE7}.Release|x86.ActiveCfg = Release|Any CPU
		{FAABE3B7-9EE1-44DE-9B23-B97EAD3C3BE7}.RemoteLocal|Any CPU.ActiveCfg = RemoteLocal|Any CPU
		{FAABE3B7-9EE1-44DE-9B23-B97EAD3C3BE7}.RemoteLocal|Any CPU.Build.0 = RemoteLocal|Any CPU
		{FAABE3B7-9EE1-44DE-9B23-B97EAD3C3BE7}.RemoteLocal|Mixed Platforms.ActiveCfg = RemoteLocal|Any CPU
		{FAABE3B7-9EE1-44DE-9B23-B97EAD3C3BE7}.RemoteLocal|Mixed Platforms.Build.0 = RemoteLocal|Any CPU
		{FAABE3B7-9EE1-44DE-9B23-B97EAD3C3BE7}.RemoteLocal|x86.ActiveCfg = RemoteLocal|Any CPU
		{FAABE3B7-9EE1-44DE-9B23-B97EAD3C3BE7}.RemoteLocal|x86.Build.0 = RemoteLocal|Any CPU
		{FAABE3B7-9EE1-44DE-9B23-B97EAD3C3BE7}.RemoteLocalBeta|Any CPU.ActiveCfg = RemoteLocalBeta|Any CPU
		{FAABE3B7-9EE1-44DE-9B23-B97EAD3C3BE7}.RemoteLocalBeta|Any CPU.Build.0 = RemoteLocalBeta|Any CPU
		{FAABE3B7-9EE1-44DE-9B23-B97EAD3C3BE7}.RemoteLocalBeta|Mixed Platforms.ActiveCfg = RemoteLocalBeta|Any CPU
		{FAABE3B7-9EE1-44DE-9B23-B97EAD3C3BE7}.RemoteLocalBeta|Mixed Platforms.Build.0 = RemoteLocalBeta|Any CPU
		{FAABE3B7-9EE1-44DE-9B23-B97EAD3C3BE7}.RemoteLocalBeta|x86.ActiveCfg = RemoteLocalBeta|Any CPU
		{FAABE3B7-9EE1-44DE-9B23-B97EAD3C3BE7}.RemoteLocalBeta|x86.Build.0 = RemoteLocalBeta|Any CPU
		{FAABE3B7-9EE1-44DE-9B23-B97EAD3C3BE7}.RemoteLocalDev|Any CPU.ActiveCfg = RemoteLocalDev|Any CPU
		{FAABE3B7-9EE1-44DE-9B23-B97EAD3C3BE7}.RemoteLocalDev|Any CPU.Build.0 = RemoteLocalDev|Any CPU
		{FAABE3B7-9EE1-44DE-9B23-B97EAD3C3BE7}.RemoteLocalDev|Mixed Platforms.ActiveCfg = RemoteLocalDev|Any CPU
		{FAABE3B7-9EE1-44DE-9B23-B97EAD3C3BE7}.RemoteLocalDev|Mixed Platforms.Build.0 = RemoteLocalDev|Any CPU
		{FAABE3B7-9EE1-44DE-9B23-B97EAD3C3BE7}.RemoteLocalDev|x86.ActiveCfg = RemoteLocalDev|Any CPU
		{FAABE3B7-9EE1-44DE-9B23-B97EAD3C3BE7}.RemoteLocalDev|x86.Build.0 = RemoteLocalDev|Any CPU
		{D4D40816-3D2B-4572-B37F-87887715C88C}.Debug|Any CPU.ActiveCfg = Debug|Any CPU
		{D4D40816-3D2B-4572-B37F-87887715C88C}.Debug|Any CPU.Build.0 = Debug|Any CPU
		{D4D40816-3D2B-4572-B37F-87887715C88C}.Debug|Mixed Platforms.ActiveCfg = Debug|Any CPU
		{D4D40816-3D2B-4572-B37F-87887715C88C}.Debug|Mixed Platforms.Build.0 = Debug|Any CPU
		{D4D40816-3D2B-4572-B37F-87887715C88C}.Debug|x86.ActiveCfg = Debug|Any CPU
		{D4D40816-3D2B-4572-B37F-87887715C88C}.OfficeServer|Any CPU.ActiveCfg = OfficeServer|Any CPU
		{D4D40816-3D2B-4572-B37F-87887715C88C}.OfficeServer|Any CPU.Build.0 = OfficeServer|Any CPU
		{D4D40816-3D2B-4572-B37F-87887715C88C}.Office-Server|Any CPU.ActiveCfg = Office-Server|Any CPU
		{D4D40816-3D2B-4572-B37F-87887715C88C}.Office-Server|Any CPU.Build.0 = Office-Server|Any CPU
		{D4D40816-3D2B-4572-B37F-87887715C88C}.OfficeServer|Mixed Platforms.ActiveCfg = OfficeServer|Any CPU
		{D4D40816-3D2B-4572-B37F-87887715C88C}.OfficeServer|Mixed Platforms.Build.0 = OfficeServer|Any CPU
		{D4D40816-3D2B-4572-B37F-87887715C88C}.Office-Server|Mixed Platforms.ActiveCfg = Office-Server|Any CPU
		{D4D40816-3D2B-4572-B37F-87887715C88C}.Office-Server|Mixed Platforms.Build.0 = Office-Server|Any CPU
		{D4D40816-3D2B-4572-B37F-87887715C88C}.OfficeServer|x86.ActiveCfg = OfficeServer|Any CPU
		{D4D40816-3D2B-4572-B37F-87887715C88C}.OfficeServer|x86.Build.0 = OfficeServer|Any CPU
		{D4D40816-3D2B-4572-B37F-87887715C88C}.Office-Server|x86.ActiveCfg = Office-Server|Any CPU
		{D4D40816-3D2B-4572-B37F-87887715C88C}.Office-Server|x86.Build.0 = Office-Server|Any CPU
		{D4D40816-3D2B-4572-B37F-87887715C88C}.Release|Any CPU.ActiveCfg = Release|Any CPU
		{D4D40816-3D2B-4572-B37F-87887715C88C}.Release|Any CPU.Build.0 = Release|Any CPU
		{D4D40816-3D2B-4572-B37F-87887715C88C}.Release|Mixed Platforms.ActiveCfg = Release|Any CPU
		{D4D40816-3D2B-4572-B37F-87887715C88C}.Release|Mixed Platforms.Build.0 = Release|Any CPU
		{D4D40816-3D2B-4572-B37F-87887715C88C}.Release|x86.ActiveCfg = Release|Any CPU
		{D4D40816-3D2B-4572-B37F-87887715C88C}.RemoteLocal|Any CPU.ActiveCfg = RemoteLocal|Any CPU
		{D4D40816-3D2B-4572-B37F-87887715C88C}.RemoteLocal|Any CPU.Build.0 = RemoteLocal|Any CPU
		{D4D40816-3D2B-4572-B37F-87887715C88C}.RemoteLocal|Mixed Platforms.ActiveCfg = RemoteLocal|Any CPU
		{D4D40816-3D2B-4572-B37F-87887715C88C}.RemoteLocal|Mixed Platforms.Build.0 = RemoteLocal|Any CPU
		{D4D40816-3D2B-4572-B37F-87887715C88C}.RemoteLocal|x86.ActiveCfg = RemoteLocal|Any CPU
		{D4D40816-3D2B-4572-B37F-87887715C88C}.RemoteLocal|x86.Build.0 = RemoteLocal|Any CPU
		{D4D40816-3D2B-4572-B37F-87887715C88C}.RemoteLocalBeta|Any CPU.ActiveCfg = RemoteLocalBeta|Any CPU
		{D4D40816-3D2B-4572-B37F-87887715C88C}.RemoteLocalBeta|Any CPU.Build.0 = RemoteLocalBeta|Any CPU
		{D4D40816-3D2B-4572-B37F-87887715C88C}.RemoteLocalBeta|Mixed Platforms.ActiveCfg = RemoteLocalBeta|Any CPU
		{D4D40816-3D2B-4572-B37F-87887715C88C}.RemoteLocalBeta|Mixed Platforms.Build.0 = RemoteLocalBeta|Any CPU
		{D4D40816-3D2B-4572-B37F-87887715C88C}.RemoteLocalBeta|x86.ActiveCfg = RemoteLocalBeta|Any CPU
		{D4D40816-3D2B-4572-B37F-87887715C88C}.RemoteLocalBeta|x86.Build.0 = RemoteLocalBeta|Any CPU
		{D4D40816-3D2B-4572-B37F-87887715C88C}.RemoteLocalDev|Any CPU.ActiveCfg = RemoteLocalDev|Any CPU
		{D4D40816-3D2B-4572-B37F-87887715C88C}.RemoteLocalDev|Any CPU.Build.0 = RemoteLocalDev|Any CPU
		{D4D40816-3D2B-4572-B37F-87887715C88C}.RemoteLocalDev|Mixed Platforms.ActiveCfg = RemoteLocalDev|Any CPU
		{D4D40816-3D2B-4572-B37F-87887715C88C}.RemoteLocalDev|Mixed Platforms.Build.0 = RemoteLocalDev|Any CPU
		{D4D40816-3D2B-4572-B37F-87887715C88C}.RemoteLocalDev|x86.ActiveCfg = RemoteLocalDev|Any CPU
		{D4D40816-3D2B-4572-B37F-87887715C88C}.RemoteLocalDev|x86.Build.0 = RemoteLocalDev|Any CPU
		{9BFE830F-B27D-495D-9420-A38E177C47A8}.Debug|Any CPU.ActiveCfg = Debug|Any CPU
		{9BFE830F-B27D-495D-9420-A38E177C47A8}.Debug|Any CPU.Build.0 = Debug|Any CPU
		{9BFE830F-B27D-495D-9420-A38E177C47A8}.Debug|Mixed Platforms.ActiveCfg = Debug|Any CPU
		{9BFE830F-B27D-495D-9420-A38E177C47A8}.Debug|Mixed Platforms.Build.0 = Debug|Any CPU
		{9BFE830F-B27D-495D-9420-A38E177C47A8}.Debug|x86.ActiveCfg = Debug|Any CPU
		{9BFE830F-B27D-495D-9420-A38E177C47A8}.OfficeServer|Any CPU.ActiveCfg = Release|Any CPU
		{9BFE830F-B27D-495D-9420-A38E177C47A8}.Office-Server|Any CPU.ActiveCfg = Release|Any CPU
		{9BFE830F-B27D-495D-9420-A38E177C47A8}.OfficeServer|Mixed Platforms.ActiveCfg = Release|Any CPU
		{9BFE830F-B27D-495D-9420-A38E177C47A8}.Office-Server|Mixed Platforms.ActiveCfg = Release|Any CPU
		{9BFE830F-B27D-495D-9420-A38E177C47A8}.OfficeServer|x86.ActiveCfg = Release|Any CPU
		{9BFE830F-B27D-495D-9420-A38E177C47A8}.Office-Server|x86.ActiveCfg = Release|Any CPU
		{9BFE830F-B27D-495D-9420-A38E177C47A8}.Release|Any CPU.ActiveCfg = Release|Any CPU
		{9BFE830F-B27D-495D-9420-A38E177C47A8}.Release|Any CPU.Build.0 = Release|Any CPU
		{9BFE830F-B27D-495D-9420-A38E177C47A8}.Release|Mixed Platforms.ActiveCfg = Release|Any CPU
		{9BFE830F-B27D-495D-9420-A38E177C47A8}.Release|Mixed Platforms.Build.0 = Release|Any CPU
		{9BFE830F-B27D-495D-9420-A38E177C47A8}.Release|x86.ActiveCfg = Release|Any CPU
		{9BFE830F-B27D-495D-9420-A38E177C47A8}.RemoteLocal|Any CPU.ActiveCfg = Release|Any CPU
		{9BFE830F-B27D-495D-9420-A38E177C47A8}.RemoteLocal|Mixed Platforms.ActiveCfg = Release|Any CPU
		{9BFE830F-B27D-495D-9420-A38E177C47A8}.RemoteLocal|x86.ActiveCfg = Release|Any CPU
		{9BFE830F-B27D-495D-9420-A38E177C47A8}.RemoteLocalBeta|Any CPU.ActiveCfg = Release|Any CPU
		{9BFE830F-B27D-495D-9420-A38E177C47A8}.RemoteLocalBeta|Mixed Platforms.ActiveCfg = Release|Any CPU
		{9BFE830F-B27D-495D-9420-A38E177C47A8}.RemoteLocalBeta|x86.ActiveCfg = Release|Any CPU
		{9BFE830F-B27D-495D-9420-A38E177C47A8}.RemoteLocalDev|Any CPU.ActiveCfg = Release|Any CPU
		{9BFE830F-B27D-495D-9420-A38E177C47A8}.RemoteLocalDev|Mixed Platforms.ActiveCfg = Release|Any CPU
		{9BFE830F-B27D-495D-9420-A38E177C47A8}.RemoteLocalDev|x86.ActiveCfg = Release|Any CPU
		{D30A6EB1-D3CF-417C-878E-33DBF5029E53}.Debug|Any CPU.ActiveCfg = Debug|x86
		{D30A6EB1-D3CF-417C-878E-33DBF5029E53}.Debug|Mixed Platforms.ActiveCfg = Debug|x86
		{D30A6EB1-D3CF-417C-878E-33DBF5029E53}.Debug|Mixed Platforms.Build.0 = Debug|x86
		{D30A6EB1-D3CF-417C-878E-33DBF5029E53}.Debug|x86.ActiveCfg = Debug|x86
		{D30A6EB1-D3CF-417C-878E-33DBF5029E53}.Debug|x86.Build.0 = Debug|x86
		{D30A6EB1-D3CF-417C-878E-33DBF5029E53}.OfficeServer|Any CPU.ActiveCfg = OfficeServer|x86
		{D30A6EB1-D3CF-417C-878E-33DBF5029E53}.Office-Server|Any CPU.ActiveCfg = Office-Server|x86
		{D30A6EB1-D3CF-417C-878E-33DBF5029E53}.OfficeServer|Mixed Platforms.ActiveCfg = OfficeServer|x86
		{D30A6EB1-D3CF-417C-878E-33DBF5029E53}.OfficeServer|Mixed Platforms.Build.0 = OfficeServer|x86
		{D30A6EB1-D3CF-417C-878E-33DBF5029E53}.Office-Server|Mixed Platforms.ActiveCfg = Office-Server|x86
		{D30A6EB1-D3CF-417C-878E-33DBF5029E53}.Office-Server|Mixed Platforms.Build.0 = Office-Server|x86
		{D30A6EB1-D3CF-417C-878E-33DBF5029E53}.OfficeServer|x86.ActiveCfg = OfficeServer|x86
		{D30A6EB1-D3CF-417C-878E-33DBF5029E53}.OfficeServer|x86.Build.0 = OfficeServer|x86
		{D30A6EB1-D3CF-417C-878E-33DBF5029E53}.Office-Server|x86.ActiveCfg = Office-Server|x86
		{D30A6EB1-D3CF-417C-878E-33DBF5029E53}.Office-Server|x86.Build.0 = Office-Server|x86
		{D30A6EB1-D3CF-417C-878E-33DBF5029E53}.Release|Any CPU.ActiveCfg = Release|x86
		{D30A6EB1-D3CF-417C-878E-33DBF5029E53}.Release|Mixed Platforms.ActiveCfg = Release|x86
		{D30A6EB1-D3CF-417C-878E-33DBF5029E53}.Release|Mixed Platforms.Build.0 = Release|x86
		{D30A6EB1-D3CF-417C-878E-33DBF5029E53}.Release|x86.ActiveCfg = Release|x86
		{D30A6EB1-D3CF-417C-878E-33DBF5029E53}.Release|x86.Build.0 = Release|x86
		{D30A6EB1-D3CF-417C-878E-33DBF5029E53}.RemoteLocal|Any CPU.ActiveCfg = RemoteLocal|x86
		{D30A6EB1-D3CF-417C-878E-33DBF5029E53}.RemoteLocal|Mixed Platforms.ActiveCfg = RemoteLocal|x86
		{D30A6EB1-D3CF-417C-878E-33DBF5029E53}.RemoteLocal|Mixed Platforms.Build.0 = RemoteLocal|x86
		{D30A6EB1-D3CF-417C-878E-33DBF5029E53}.RemoteLocal|x86.ActiveCfg = RemoteLocal|x86
		{D30A6EB1-D3CF-417C-878E-33DBF5029E53}.RemoteLocal|x86.Build.0 = RemoteLocal|x86
		{D30A6EB1-D3CF-417C-878E-33DBF5029E53}.RemoteLocalBeta|Any CPU.ActiveCfg = RemoteLocalBeta|x86
		{D30A6EB1-D3CF-417C-878E-33DBF5029E53}.RemoteLocalBeta|Mixed Platforms.ActiveCfg = RemoteLocalBeta|x86
		{D30A6EB1-D3CF-417C-878E-33DBF5029E53}.RemoteLocalBeta|Mixed Platforms.Build.0 = RemoteLocalBeta|x86
		{D30A6EB1-D3CF-417C-878E-33DBF5029E53}.RemoteLocalBeta|x86.ActiveCfg = RemoteLocalBeta|x86
		{D30A6EB1-D3CF-417C-878E-33DBF5029E53}.RemoteLocalBeta|x86.Build.0 = RemoteLocalBeta|x86
		{D30A6EB1-D3CF-417C-878E-33DBF5029E53}.RemoteLocalDev|Any CPU.ActiveCfg = RemoteLocalDev|x86
		{D30A6EB1-D3CF-417C-878E-33DBF5029E53}.RemoteLocalDev|Mixed Platforms.ActiveCfg = RemoteLocalDev|x86
		{D30A6EB1-D3CF-417C-878E-33DBF5029E53}.RemoteLocalDev|Mixed Platforms.Build.0 = RemoteLocalDev|x86
		{D30A6EB1-D3CF-417C-878E-33DBF5029E53}.RemoteLocalDev|x86.ActiveCfg = RemoteLocalDev|x86
		{D30A6EB1-D3CF-417C-878E-33DBF5029E53}.RemoteLocalDev|x86.Build.0 = RemoteLocalDev|x86
	EndGlobalSection
	GlobalSection(SolutionProperties) = preSolution
		HideSolutionNode = FALSE
	EndGlobalSection
	GlobalSection(TeamFoundationVersionControl) = preSolution
		SccNumberOfProjects = 3
		SccEnterpriseProvider = {4CA58AB2-18FA-4F8D-95D4-32DDF27D184C}
		SccTeamFoundationServer = http://37.153.205.70:8080/tfs/softwarezeebregts
		SccProjectUniqueName0 = MandagenRegistratieDomain\\MandagenRegistratieDomain.csproj
		SccProjectName0 = MandagenRegistratieDomain
		SccAuxPath0 = http://37.153.205.70:8080/tfs/softwarezeebregts
		SccLocalPath0 = MandagenRegistratieDomain
		SccProvider0 = {4CA58AB2-18FA-4F8D-95D4-32DDF27D184C}
		SccProjectUniqueName1 = MandagenRegistratie\\MandagenRegistratie.csproj
		SccProjectName1 = MandagenRegistratie
		SccAuxPath1 = http://37.153.205.70:8080/tfs/softwarezeebregts
		SccLocalPath1 = MandagenRegistratie
		SccProvider1 = {4CA58AB2-18FA-4F8D-95D4-32DDF27D184C}
		SccProjectUniqueName2 = ..\\ZeebregtsSysteem\\ZeebregtsLogic\\ZeebregtsLogic.csproj
		SccProjectName2 = ../ZeebregtsSysteem/ZeebregtsLogic
		SccAuxPath2 = http://37.153.205.70:8080/tfs/softwarezeebregts
		SccLocalPath2 = ..\\ZeebregtsSysteem\\ZeebregtsLogic
		SccProvider2 = {4CA58AB2-18FA-4F8D-95D4-32DDF27D184C}
	EndGlobalSection
EndGlobal
